
Microsoft Visual Studio Solution File, Format Version 12.00
# Visual Studio Version 17
VisualStudioVersion = 17.5.33530.505
MinimumVisualStudioVersion = 10.0.40219.1
Project("{FAE04EC0-301F-11D3-BF4B-00C04F79EFBC}") = "MediaPlayer", "MediaPlayer.csproj", "{608F18B5-E2D6-431F-9D27-25387B69A817}"
EndProject
Global
	GlobalSection(SolutionConfigurationPlatforms) = preSolution
		Debug|Any CPU = Debug|Any CPU
		Release|Any CPU = Release|Any CPU
	EndGlobalSection
	GlobalSection(ProjectConfigurationPlatforms) = postSolution
		{608F18B5-E2D6-431F-9D27-25387B69A817}.Debug|Any CPU.ActiveCfg = Debug|Any CPU
		{608F18B5-E2D6-431F-9D27-25387B69A817}.Debug|Any CPU.Build.0 = Debug|Any CPU
		{608F18B5-E2D6-431F-9D27-25387B69A817}.Release|Any CPU.ActiveCfg = Release|Any CPU
		{608F18B5-E2D6-431F-9D27-25387B69A817}.Release|Any CPU.Build.0 = Release|Any CPU
	EndGlobalSection
	GlobalSection(SolutionProperties) = preSolution
		HideSolutionNode = FALSE
	EndGlobalSection
	GlobalSection(ExtensibilityGlobals) = postSolution
		SolutionGuid = {71A9C6E7-E2A1-47A3-8F64-FBE7436AC1A2}
	EndGlobalSection
EndGlobal
